
Microsoft Visual Studio Solution File, Format Version 12.00
# Visual Studio Version 17
Project("{8BC9CEB8-8B4A-11D0-8D11-00A0C91BC942}") = "ALL_BUILD", "ALL_BUILD.vcxproj", "{B84EDE69-1705-376A-9A82-5E4DB4381655}"
	ProjectSection(ProjectDependencies) = postProject
		{3247250F-8FD4-35A2-8FEB-F797AF11BBED} = {3247250F-8FD4-35A2-8FEB-F797AF11BBED}
		{44EAC9AF-907B-3BEF-A44F-953D60C02FF0} = {44EAC9AF-907B-3BEF-A44F-953D60C02FF0}
	EndProjectSection
EndProject
Project("{8BC9CEB8-8B4A-11D0-8D11-00A0C91BC942}") = "ZERO_CHECK", "ZERO_CHECK.vcxproj", "{3247250F-8FD4-35A2-8FEB-F797AF11BBED}"
	ProjectSection(ProjectDependencies) = postProject
	EndProjectSection
EndProject
Project("{8BC9CEB8-8B4A-11D0-8D11-00A0C91BC942}") = "rawonoff", "rawonoff.vcxproj", "{44EAC9AF-907B-3BEF-A44F-953D60C02FF0}"
	ProjectSection(ProjectDependencies) = postProject
		{3247250F-8FD4-35A2-8FEB-F797AF11BBED} = {3247250F-8FD4-35A2-8FEB-F797AF11BBED}
	EndProjectSection
EndProject
Global
	GlobalSection(SolutionConfigurationPlatforms) = preSolution
		Debug|x64 = Debug|x64
		Release|x64 = Release|x64
		MinSizeRel|x64 = MinSizeRel|x64
		RelWithDebInfo|x64 = RelWithDebInfo|x64
	EndGlobalSection
	GlobalSection(ProjectConfigurationPlatforms) = postSolution
		{B84EDE69-1705-376A-9A82-5E4DB4381655}.Debug|x64.ActiveCfg = Debug|x64
		{B84EDE69-1705-376A-9A82-5E4DB4381655}.Release|x64.ActiveCfg = Release|x64
		{B84EDE69-1705-376A-9A82-5E4DB4381655}.MinSizeRel|x64.ActiveCfg = MinSizeRel|x64
		{B84EDE69-1705-376A-9A82-5E4DB4381655}.RelWithDebInfo|x64.ActiveCfg = RelWithDebInfo|x64
		{3247250F-8FD4-35A2-8FEB-F797AF11BBED}.Debug|x64.ActiveCfg = Debug|x64
		{3247250F-8FD4-35A2-8FEB-F797AF11BBED}.Debug|x64.Build.0 = Debug|x64
		{3247250F-8FD4-35A2-8FEB-F797AF11BBED}.Release|x64.ActiveCfg = Release|x64
		{3247250F-8FD4-35A2-8FEB-F797AF11BBED}.Release|x64.Build.0 = Release|x64
		{3247250F-8FD4-35A2-8FEB-F797AF11BBED}.MinSizeRel|x64.ActiveCfg = MinSizeRel|x64
		{3247250F-8FD4-35A2-8FEB-F797AF11BBED}.MinSizeRel|x64.Build.0 = MinSizeRel|x64
		{3247250F-8FD4-35A2-8FEB-F797AF11BBED}.RelWithDebInfo|x64.ActiveCfg = RelWithDebInfo|x64
		{3247250F-8FD4-35A2-8FEB-F797AF11BBED}.RelWithDebInfo|x64.Build.0 = RelWithDebInfo|x64
		{44EAC9AF-907B-3BEF-A44F-953D60C02FF0}.Debug|x64.ActiveCfg = Debug|x64
		{44EAC9AF-907B-3BEF-A44F-953D60C02FF0}.Debug|x64.Build.0 = Debug|x64
		{44EAC9AF-907B-3BEF-A44F-953D60C02FF0}.Release|x64.ActiveCfg = Release|x64
		{44EAC9AF-907B-3BEF-A44F-953D60C02FF0}.Release|x64.Build.0 = Release|x64
		{44EAC9AF-907B-3BEF-A44F-953D60C02FF0}.MinSizeRel|x64.ActiveCfg = MinSizeRel|x64
		{44EAC9AF-907B-3BEF-A44F-953D60C02FF0}.MinSizeRel|x64.Build.0 = MinSizeRel|x64
		{44EAC9AF-907B-3BEF-A44F-953D60C02FF0}.RelWithDebInfo|x64.ActiveCfg = RelWithDebInfo|x64
		{44EAC9AF-907B-3BEF-A44F-953D60C02FF0}.RelWithDebInfo|x64.Build.0 = RelWithDebInfo|x64
	EndGlobalSection
	GlobalSection(ExtensibilityGlobals) = postSolution
		SolutionGuid = {8EAA01AA-2C4D-3385-B620-EEBE05A0CAE9}
	EndGlobalSection
	GlobalSection(ExtensibilityAddIns) = postSolution
	EndGlobalSection
EndGlobal
