<?xml version="1.0" encoding="utf-8"?>
<Project ToolsVersion="17.0" xmlns="http://schemas.microsoft.com/developer/msbuild/2003">
  <ItemGroup>
    <ClCompile Include="C:\src\ffi_demos\simple_c\mathlib\mathlib.c">
      <Filter>Source Files</Filter>
    </ClCompile>
  </ItemGroup>
  <ItemGroup>
    <CustomBuild Include="C:\src\ffi_demos\simple_c\mathlib\CMakeLists.txt" />
  </ItemGroup>
  <ItemGroup>
    <None Include="C:\src\ffi_demos\simple_c\mathlib\mathlib.def">
      <Filter>Source Files</Filter>
    </None>
  </ItemGroup>
  <ItemGroup>
    <Filter Include="Source Files">
      <UniqueIdentifier>{21A353B4-9E25-34CD-9EF4-7DCA8EEBDC93}</UniqueIdentifier>
    </Filter>
  </ItemGroup>
</Project>
